// !$*UTF8*$!
{
	archiveVersion = 1;
	classes = {
	};
	objectVersion = 46;
	objects = {

/* Begin PBXBuildFile section */
		D9D726EF1E968E41007EA935 /* main.m in Sources */ = {isa = PBXBuildFile; fileRef = D9D726EE1E968E41007EA935 /* main.m */; };
		D9D726F21E968E41007EA935 /* AppDelegate.m in Sources */ = {isa = PBXBuildFile; fileRef = D9D726F11E968E41007EA935 /* AppDelegate.m */; };
		D9D726F51E968E41007EA935 /* ViewController.m in Sources */ = {isa = PBXBuildFile; fileRef = D9D726F41E968E41007EA935 /* ViewController.m */; };
		D9D726F81E968E41007EA935 /* Main.storyboard in Resources */ = {isa = PBXBuildFile; fileRef = D9D726F61E968E41007EA935 /* Main.storyboard */; };
		D9D726FA1E968E41007EA935 /* Assets.xcassets in Resources */ = {isa = PBXBuildFile; fileRef = D9D726F91E968E41007EA935 /* Assets.xcassets */; };
		D9D726FD1E968E41007EA935 /* LaunchScreen.storyboard in Resources */ = {isa = PBXBuildFile; fileRef = D9D726FB1E968E41007EA935 /* LaunchScreen.storyboard */; };
/* End PBXBuildFile section */

/* Begin PBXFileReference section */
		D9D726EA1E968E41007EA935 /* GitTestAccount.app */ = {isa = PBXFileReference; explicitFileType = wrapper.application; includeInIndex = 0; path = GitTestAccount.app; sourceTree = BUILT_PRODUCTS_DIR; };
		D9D726EE1E968E41007EA935 /* main.m */ = {isa = PBXFileReference; lastKnownFileType = sourcecode.c.objc; path = main.m; sourceTree = "<group>"; };
		D9D726F01E968E41007EA935 /* AppDelegate.h */ = {isa = PBXFileReference; lastKnownFileType = sourcecode.c.h; path = AppDelegate.h; sourceTree = "<group>"; };
		D9D726F11E968E41007EA935 /* AppDelegate.m */ = {isa = PBXFileReference; lastKnownFileType = sourcecode.c.objc; path = AppDelegate.m; sourceTree = "<group>"; };
		D9D726F31E968E41007EA935 /* ViewController.h */ = {isa = PBXFileReference; lastKnownFileType = sourcecode.c.h; path = ViewController.h; sourceTree = "<group>"; };
		D9D726F41E968E41007EA935 /* ViewController.m */ = {isa = PBXFileReference; lastKnownFileType = sourcecode.c.objc; path = ViewController.m; sourceTree = "<group>"; };
		D9D726F71E968E41007EA935 /* Base */ = {isa = PBXFileReference; lastKnownFileType = file.storyboard; name = Base; path = Base.lproj/Main.storyboard; sourceTree = "<group>"; };
		D9D726F91E968E41007EA935 /* Assets.xcassets */ = {isa = PBXFileReference; lastKnownFileType = folder.assetcatalog; path = Assets.xcassets; sourceTree = "<group>"; };
		D9D726FC1E968E41007EA935 /* Base */ = {isa = PBXFileReference; lastKnownFileType = file.storyboard; name = Base; path = Base.lproj/LaunchScreen.storyboard; sourceTree = "<group>"; };
		D9D726FE1E968E41007EA935 /* Info.plist */ = {isa = PBXFileReference; lastKnownFileType = text.plist.xml; path = Info.plist; sourceTree = "<group>"; };
/* End PBXFileReference section */

/* Begin PBXFrameworksBuildPhase section */
		D9D726E71E968E41007EA935 /* Frameworks */ = {
			isa = PBXFrameworksBuildPhase;
			buildActionMask = 2147483647;
			files = (
			);
			runOnlyForDeploymentPostprocessing = 0;
		};
/* End PBXFrameworksBuildPhase section */

/* Begin PBXGroup section */
		D9D726E11E968E41007EA935 = {
			isa = PBXGroup;
			children = (
				D9D726EC1E968E41007EA935 /* GitTestAccount */,
				D9D726EB1E968E41007EA935 /* Products */,
			);
			sourceTree = "<group>";
		};
		D9D726EB1E968E41007EA935 /* Products */ = {
			isa = PBXGroup;
			children = (
				D9D726EA1E968E41007EA935 /* GitTestAccount.app */,
			);
			name = Products;
			sourceTree = "<group>";
		};
		D9D726EC1E968E41007EA935 /* GitTestAccount */ = {
			isa = PBXGroup;
			children = (
				D9D726F01E968E41007EA935 /* AppDelegate.h */,
				D9D726F11E968E41007EA935 /* AppDelegate.m */,
				D9D726F31E968E41007EA935 /* ViewController.h */,
				D9D726F41E968E41007EA935 /* ViewController.m */,
				D9D726F61E968E41007EA935 /* Main.storyboard */,
				D9D726F91E968E41007EA935 /* Assets.xcassets */,
				D9D726FB1E968E41007EA935 /* LaunchScreen.storyboard */,
				D9D726FE1E968E41007EA935 /* Info.plist */,
				D9D726ED1E968E41007EA935 /* Supporting Files */,
			);
			path = GitTestAccount;
			sourceTree = "<group>";
		};
		D9D726ED1E968E41007EA935 /* Supporting Files */ = {
			isa = PBXGroup;
			children = (
				D9D726EE1E968E41007EA935 /* main.m */,
			);
			name = "Supporting Files";
			sourceTree = "<group>";
		};
/* End PBXGroup section */

/* Begin PBXNativeTarget section */
		D9D726E91E968E41007EA935 /* GitTestAccount */ = {
			isa = PBXNativeTarget;
			buildConfigurationList = D9D727011E968E41007EA935 /* Build configuration list for PBXNativeTarget "GitTestAccount" */;
			buildPhases = (
				D9D726E61E968E41007EA935 /* Sources */,
				D9D726E71E968E41007EA935 /* Frameworks */,
				D9D726E81E968E41007EA935 /* Resources */,
			);
			buildRules = (
			);
			dependencies = (
			);
			name = GitTestAccount;
			productName = GitTestAccount;
			productReference = D9D726EA1E968E41007EA935 /* GitTestAccount.app */;
			productType = "com.apple.product-type.application";
		};
/* End PBXNativeTarget section */

/* Begin PBXProject section */
		D9D726E21E968E41007EA935 /* Project object */ = {
			isa = PBXProject;
			attributes = {
				LastUpgradeCheck = 0820;
				ORGANIZATIONNAME = "Remote Tiger";
				TargetAttributes = {
					D9D726E91E968E41007EA935 = {
						CreatedOnToolsVersion = 8.2.1;
						ProvisioningStyle = Automatic;
					};
				};
			};
			buildConfigurationList = D9D726E51E968E41007EA935 /* Build configuration list for PBXProject "GitTestAccount" */;
			compatibilityVersion = "Xcode 3.2";
			developmentRegion = English;
			hasScannedForEncodings = 0;
			knownRegions = (
				en,
				Base,
			);
			mainGroup = D9D726E11E968E41007EA935;
			productRefGroup = D9D726EB1E968E41007EA935 /* Products */;
			projectDirPath = "";
			projectRoot = "";
			targets = (
				D9D726E91E968E41007EA935 /* GitTestAccount */,
			);
		};
/* End PBXProject section */

/* Begin PBXResourcesBuildPhase section */
		D9D726E81E968E41007EA935 /* Resources */ = {
			isa = PBXResourcesBuildPhase;
			buildActionMask = 2147483647;
			files = (
				D9D726FD1E968E41007EA935 /* LaunchScreen.storyboard in Resources */,
				D9D726FA1E968E41007EA935 /* Assets.xcassets in Resources */,
				D9D726F81E968E41007EA935 /* Main.storyboard in Resources */,
			);
			runOnlyForDeploymentPostprocessing = 0;
		};
/* End PBXResourcesBuildPhase section */

/* Begin PBXSourcesBuildPhase section */
		D9D726E61E968E41007EA935 /* Sources */ = {
			isa = PBXSourcesBuildPhase;
			buildActionMask = 2147483647;
			files = (
				D9D726F51E968E41007EA935 /* ViewController.m in Sources */,
				D9D726F21E968E41007EA935 /* AppDelegate.m in Sources */,
				D9D726EF1E968E41007EA935 /* main.m in Sources */,
			);
			runOnlyForDeploymentPostprocessing = 0;
		};
/* End PBXSourcesBuildPhase section */

/* Begin PBXVariantGroup section */
		D9D726F61E968E41007EA935 /* Main.storyboard */ = {
			isa = PBXVariantGroup;
			children = (
				D9D726F71E968E41007EA935 /* Base */,
			);
			name = Main.storyboard;
			sourceTree = "<group>";
		};
		D9D726FB1E968E41007EA935 /* LaunchScreen.storyboard */ = {
			isa = PBXVariantGroup;
			children = (
				D9D726FC1E968E41007EA935 /* Base */,
			);
			name = LaunchScreen.storyboard;
			sourceTree = "<group>";
		};
/* End PBXVariantGroup section */

/* Begin XCBuildConfiguration section */
		D9D726FF1E968E41007EA935 /* Debug */ = {
			isa = XCBuildConfiguration;
			buildSettings = {
				ALWAYS_SEARCH_USER_PATHS = NO;
				CLANG_ANALYZER_NONNULL = YES;
				CLANG_CXX_LANGUAGE_STANDARD = "gnu++0x";
				CLANG_CXX_LIBRARY = "libc++";
				CLANG_ENABLE_MODULES = YES;
				CLANG_ENABLE_OBJC_ARC = YES;
				CLANG_WARN_BOOL_CONVERSION = YES;
				CLANG_WARN_CONSTANT_CONVERSION = YES;
				CLANG_WARN_DIRECT_OBJC_ISA_USAGE = YES_ERROR;
				CLANG_WARN_DOCUMENTATION_COMMENTS = YES;
				CLANG_WARN_EMPTY_BODY = YES;
				CLANG_WARN_ENUM_CONVERSION = YES;
				CLANG_WARN_INFINITE_RECURSION = YES;
				CLANG_WARN_INT_CONVERSION = YES;
				CLANG_WARN_OBJC_ROOT_CLASS = YES_ERROR;
				CLANG_WARN_SUSPICIOUS_MOVE = YES;
				CLANG_WARN_UNREACHABLE_CODE = YES;
				CLANG_WARN__DUPLICATE_METHOD_MATCH = YES;
				"CODE_SIGN_IDENTITY[sdk=iphoneos*]" = "iPhone Developer";
				COPY_PHASE_STRIP = NO;
				DEBUG_INFORMATION_FORMAT = dwarf;
				ENABLE_STRICT_OBJC_MSGSEND = YES;
				ENABLE_TESTABILITY = YES;
				GCC_C_LANGUAGE_STANDARD = gnu99;
				GCC_DYNAMIC_NO_PIC = NO;
				GCC_NO_COMMON_BLOCKS = YES;
				GCC_OPTIMIZATION_LEVEL = 0;
				GCC_PREPROCESSOR_DEFINITIONS = (
					"DEBUG=1",
					"$(inherited)",
				);
				GCC_WARN_64_TO_32_BIT_CONVERSION = YES;
				GCC_WARN_ABOUT_RETURN_TYPE = YES_ERROR;
				GCC_WARN_UNDECLARED_SELECTOR = YES;
				GCC_WARN_UNINITIALIZED_AUTOS = YES_AGGRESSIVE;
				GCC_WARN_UNUSED_FUNCTION = YES;
				GCC_WARN_UNUSED_VARIABLE = YES;
				IPHONEOS_DEPLOYMENT_TARGET = 10.2;
				MTL_ENABLE_DEBUG_INFO = YES;
				ONLY_ACTIVE_ARCH = YES;
				SDKROOT = iphoneos;
				TARGETED_DEVICE_FAMILY = "1,2";
			};
			name = Debug;
		};
		D9D727001E968E41007EA935 /* Release */ = {
			isa = XCBuildConfiguration;
			buildSettings = {
				ALWAYS_SEARCH_USER_PATHS = NO;
				CLANG_ANALYZER_NONNULL = YES;
				CLANG_CXX_LANGUAGE_STANDARD = "gnu++0x";
				CLANG_CXX_LIBRARY = "libc++";
				CLANG_ENABLE_MODULES = YES;
				CLANG_ENABLE_OBJC_ARC = YES;
				CLANG_WARN_BOOL_CONVERSION = YES;
				CLANG_WARN_CONSTANT_CONVERSION = YES;
				CLANG_WARN_DIRECT_OBJC_ISA_USAGE = YES_ERROR;
				CLANG_WARN_DOCUMENTATION_COMMENTS = YES;
				CLANG_WARN_EMPTY_BODY = YES;
				CLANG_WARN_ENUM_CONVERSION = YES;
				CLANG_WARN_INFINITE_RECURSION = YES;
				CLANG_WARN_INT_CONVERSION = YES;
				CLANG_WARN_OBJC_ROOT_CLASS = YES_ERROR;
				CLANG_WARN_SUSPICIOUS_MOVE = YES;
				CLANG_WARN_UNREACHABLE_CODE = YES;
				CLANG_WARN__DUPLICATE_METHOD_MATCH = YES;
				"CODE_SIGN_IDENTITY[sdk=iphoneos*]" = "iPhone Developer";
				COPY_PHASE_STRIP = NO;
				DEBUG_INFORMATION_FORMAT = "dwarf-with-dsym";
				ENABLE_NS_ASSERTIONS = NO;
				ENABLE_STRICT_OBJC_MSGSEND = YES;
				GCC_C_LANGUAGE_STANDARD = gnu99;
				GCC_NO_COMMON_BLOCKS = YES;
				GCC_WARN_64_TO_32_BIT_CONVERSION = YES;
				GCC_WARN_ABOUT_RETURN_TYPE = YES_ERROR;
				GCC_WARN_UNDECLARED_SELECTOR = YES;
				GCC_WARN_UNINITIALIZED_AUTOS = YES_AGGRESSIVE;
				GCC_WARN_UNUSED_FUNCTION = YES;
				GCC_WARN_UNUSED_VARIABLE = YES;
				IPHONEOS_DEPLOYMENT_TARGET = 10.2;
				MTL_ENABLE_DEBUG_INFO = NO;
				SDKROOT = iphoneos;
				TARGETED_DEVICE_FAMILY = "1,2";
				VALIDATE_PRODUCT = YES;
			};
			name = Release;
		};
		D9D727021E968E41007EA935 /* Debug */ = {
			isa = XCBuildConfiguration;
			buildSettings = {
				ASSETCATALOG_COMPILER_APPICON_NAME = AppIcon;
				INFOPLIST_FILE = GitTestAccount/Info.plist;
				LD_RUNPATH_SEARCH_PATHS = "$(inherited) @executable_path/Frameworks";
				PRODUCT_BUNDLE_IDENTIFIER = com.remoteTiger.example.GitTestAccount;
				PRODUCT_NAME = "$(TARGET_NAME)";
			};
			name = Debug;
		};
		D9D727031E968E41007EA935 /* Release */ = {
			isa = XCBuildConfiguration;
			buildSettings = {
				ASSETCATALOG_COMPILER_APPICON_NAME = AppIcon;
				INFOPLIST_FILE = GitTestAccount/Info.plist;
				LD_RUNPATH_SEARCH_PATHS = "$(inherited) @executable_path/Frameworks";
				PRODUCT_BUNDLE_IDENTIFIER = com.remoteTiger.example.GitTestAccount;
				PRODUCT_NAME = "$(TARGET_NAME)";
			};
			name = Release;
		};
/* End XCBuildConfiguration section */

/* Begin XCConfigurationList section */
		D9D726E51E968E41007EA935 /* Build configuration list for PBXProject "GitTestAccount" */ = {
			isa = XCConfigurationList;
			buildConfigurations = (
				D9D726FF1E968E41007EA935 /* Debug */,
				D9D727001E968E41007EA935 /* Release */,
			);
			defaultConfigurationIsVisible = 0;
			defaultConfigurationName = Release;
		};
		D9D727011E968E41007EA935 /* Build configuration list for PBXNativeTarget "GitTestAccount" */ = {
			isa = XCConfigurationList;
			buildConfigurations = (
				D9D727021E968E41007EA935 /* Debug */,
				D9D727031E968E41007EA935 /* Release */,
			);
			defaultConfigurationIsVisible = 0;
		};
/* End XCConfigurationList section */
	};
	rootObject = D9D726E21E968E41007EA935 /* Project object */;
}
